{
  "name": "discord-tokens",
  "version": "1.0.0",
  "lockfileVersion": 2,
  "requires": true,
  "packages": {
    "": {
      "name": "discord-tokens",
      "version": "1.0.0",
      "license": "ISC",
      "dependencies": {
        "snowflake-regex": "^1.0.1"
      },
      "devDependencies": {
        "@types/node": "^16.9.1"
      }
    },
    "node_modules/@types/node": {
      "version": "16.9.1",
      "resolved": "https://registry.npmjs.org/@types/node/-/node-16.9.1.tgz",
      "integrity": "sha512-QpLcX9ZSsq3YYUUnD3nFDY8H7wctAhQj/TFKL8Ya8v5fMm3CFXxo8zStsLAl780ltoYoo1WvKUVGBQK+1ifr7g==",
      "dev": true
    },
    "node_modules/snowflake-regex": {
      "version": "1.0.1",
      "resolved": "https://registry.npmjs.org/snowflake-regex/-/snowflake-regex-1.0.1.tgz",
      "integrity": "sha512-AnBPfQVBFKozyVXYJ4pSMJpLPybtgsNMbihI43319cDS0FyM0CZM+jpe4yFWAg95cLCkWGKTARTjhT2Gcve/0A=="
    }
  },
  "dependencies": {
    "@types/node": {
      "version": "16.9.1",
      "resolved": "https://registry.npmjs.org/@types/node/-/node-16.9.1.tgz",
      "integrity": "sha512-QpLcX9ZSsq3YYUUnD3nFDY8H7wctAhQj/TFKL8Ya8v5fMm3CFXxo8zStsLAl780ltoYoo1WvKUVGBQK+1ifr7g==",
      "dev": true
    },
    "snowflake-regex": {
      "version": "1.0.1",
      "resolved": "https://registry.npmjs.org/snowflake-regex/-/snowflake-regex-1.0.1.tgz",
      "integrity": "sha512-AnBPfQVBFKozyVXYJ4pSMJpLPybtgsNMbihI43319cDS0FyM0CZM+jpe4yFWAg95cLCkWGKTARTjhT2Gcve/0A=="
    }
  }
}
